
Microsoft Visual Studio Solution File, Format Version 12.00
# Visual Studio Version 17
VisualStudioVersion = 17.0.31903.59
MinimumVisualStudioVersion = 10.0.40219.1
Project("{FAE04EC0-301F-11D3-BF4B-00C04F79EFBC}") = "UnrealSharp", "UnrealSharp\UnrealSharp.csproj", "{AF6ECBA6-B1C8-4B7B-B69B-2A33D7E98B67}"
EndProject
Project("{FAE04EC0-301F-11D3-BF4B-00C04F79EFBC}") = "UnrealSharp.Plugins", "UnrealSharp.Plugins\UnrealSharp.Plugins.csproj", "{8B904F39-533D-4FC1-AF21-828091405CA8}"
EndProject
Project("{FAE04EC0-301F-11D3-BF4B-00C04F79EFBC}") = "UnrealSharp.SourceGenerators", "UnrealSharp.SourceGenerators\UnrealSharp.SourceGenerators.csproj", "{C79E8C88-94F3-403D-84CB-30014157844E}"
EndProject
Project("{FAE04EC0-301F-11D3-BF4B-00C04F79EFBC}") = "UnrealSharp.ExtensionSourceGenerators", "UnrealSharp.ExtensionSourceGenerators\UnrealSharp.ExtensionSourceGenerators.csproj", "{9F386187-DD90-46D8-816D-57F08757AF6F}"
EndProject
Project("{FAE04EC0-301F-11D3-BF4B-00C04F79EFBC}") = "UnrealSharp.StaticVars", "UnrealSharp.StaticVars\UnrealSharp.StaticVars.csproj", "{3D6935BB-BD64-4793-BCC2-B535E92421FE}"
EndProject
Project("{FAE04EC0-301F-11D3-BF4B-00C04F79EFBC}") = "UnrealSharp.EditorSourceGenerators", "UnrealSharp.EditorSourceGenerators\UnrealSharp.EditorSourceGenerators\UnrealSharp.EditorSourceGenerators.csproj", "{9FCDB0BE-49C8-4DFF-81AB-9E360A72CD3A}"
EndProject
Project("{FAE04EC0-301F-11D3-BF4B-00C04F79EFBC}") = "UnrealSharp.Editor", "UnrealSharp.Editor\UnrealSharp.Editor.csproj", "{7D1FC8FE-E337-41D3-87E4-AAF80C83934D}"
EndProject
Project("{FAE04EC0-301F-11D3-BF4B-00C04F79EFBC}") = "UnrealSharp.Core", "UnrealSharp.Core\UnrealSharp.Core.csproj", "{F5180E59-23C7-4C86-9471-1C9BD881DBE1}"
EndProject
Project("{FAE04EC0-301F-11D3-BF4B-00C04F79EFBC}") = "UnrealSharp.Log", "UnrealSharp.Log\UnrealSharp.Log.csproj", "{CE473C45-FA55-40D5-A82D-16C4A2DB92D1}"
EndProject
Project("{FAE04EC0-301F-11D3-BF4B-00C04F79EFBC}") = "UnrealSharp.Binds", "UnrealSharp.Binds\UnrealSharp.Binds.csproj", "{C9D3B267-420A-4E5A-BD34-1DDB883EAB54}"
EndProject
Project("{FAE04EC0-301F-11D3-BF4B-00C04F79EFBC}") = "UnrealSharpWeaver", "..\UnrealSharpPrograms\UnrealSharpWeaver\UnrealSharpWeaver.csproj", "{ED1238C3-47C4-1B74-9334-571D7F49F3D1}"
EndProject
Project("{FAE04EC0-301F-11D3-BF4B-00C04F79EFBC}") = "UnrealSharp.Tools", "..\UnrealSharpPrograms\UnrealSharp.Tools\UnrealSharp.Tools.csproj", "{87903765-B10A-AF02-FA55-B6D8266A9943}"
EndProject
Project("{8BC9CEB8-8B4A-11D0-8D11-00A0C91BC942}") = "UnrealSharp.Plugins.Tester", "UnrealSharp.Plugins.Tester\UnrealSharp.Plugins.Tester.vcxproj", "{8C1F44EC-712C-4983-9770-3B3C02D1D994}"
EndProject
Global
	GlobalSection(SolutionConfigurationPlatforms) = preSolution
		Debug|Any CPU = Debug|Any CPU
		Debug|x64 = Debug|x64
		Debug|x86 = Debug|x86
		Release|Any CPU = Release|Any CPU
		Release|x64 = Release|x64
		Release|x86 = Release|x86
	EndGlobalSection
	GlobalSection(ProjectConfigurationPlatforms) = postSolution
		{AF6ECBA6-B1C8-4B7B-B69B-2A33D7E98B67}.Debug|Any CPU.ActiveCfg = Debug|Any CPU
		{AF6ECBA6-B1C8-4B7B-B69B-2A33D7E98B67}.Debug|Any CPU.Build.0 = Debug|Any CPU
		{AF6ECBA6-B1C8-4B7B-B69B-2A33D7E98B67}.Debug|x64.ActiveCfg = Debug|Any CPU
		{AF6ECBA6-B1C8-4B7B-B69B-2A33D7E98B67}.Debug|x64.Build.0 = Debug|Any CPU
		{AF6ECBA6-B1C8-4B7B-B69B-2A33D7E98B67}.Debug|x86.ActiveCfg = Debug|Any CPU
		{AF6ECBA6-B1C8-4B7B-B69B-2A33D7E98B67}.Debug|x86.Build.0 = Debug|Any CPU
		{AF6ECBA6-B1C8-4B7B-B69B-2A33D7E98B67}.Release|Any CPU.ActiveCfg = Release|Any CPU
		{AF6ECBA6-B1C8-4B7B-B69B-2A33D7E98B67}.Release|Any CPU.Build.0 = Release|Any CPU
		{AF6ECBA6-B1C8-4B7B-B69B-2A33D7E98B67}.Release|x64.ActiveCfg = Release|Any CPU
		{AF6ECBA6-B1C8-4B7B-B69B-2A33D7E98B67}.Release|x64.Build.0 = Release|Any CPU
		{AF6ECBA6-B1C8-4B7B-B69B-2A33D7E98B67}.Release|x86.ActiveCfg = Release|Any CPU
		{AF6ECBA6-B1C8-4B7B-B69B-2A33D7E98B67}.Release|x86.Build.0 = Release|Any CPU
		{8B904F39-533D-4FC1-AF21-828091405CA8}.Debug|Any CPU.ActiveCfg = Debug|Any CPU
		{8B904F39-533D-4FC1-AF21-828091405CA8}.Debug|Any CPU.Build.0 = Debug|Any CPU
		{8B904F39-533D-4FC1-AF21-828091405CA8}.Debug|x64.ActiveCfg = Debug|Any CPU
		{8B904F39-533D-4FC1-AF21-828091405CA8}.Debug|x64.Build.0 = Debug|Any CPU
		{8B904F39-533D-4FC1-AF21-828091405CA8}.Debug|x86.ActiveCfg = Debug|Any CPU
		{8B904F39-533D-4FC1-AF21-828091405CA8}.Debug|x86.Build.0 = Debug|Any CPU
		{8B904F39-533D-4FC1-AF21-828091405CA8}.Release|Any CPU.ActiveCfg = Release|Any CPU
		{8B904F39-533D-4FC1-AF21-828091405CA8}.Release|Any CPU.Build.0 = Release|Any CPU
		{8B904F39-533D-4FC1-AF21-828091405CA8}.Release|x64.ActiveCfg = Release|Any CPU
		{8B904F39-533D-4FC1-AF21-828091405CA8}.Release|x64.Build.0 = Release|Any CPU
		{8B904F39-533D-4FC1-AF21-828091405CA8}.Release|x86.ActiveCfg = Release|Any CPU
		{8B904F39-533D-4FC1-AF21-828091405CA8}.Release|x86.Build.0 = Release|Any CPU
		{C79E8C88-94F3-403D-84CB-30014157844E}.Debug|Any CPU.ActiveCfg = Debug|Any CPU
		{C79E8C88-94F3-403D-84CB-30014157844E}.Debug|Any CPU.Build.0 = Debug|Any CPU
		{C79E8C88-94F3-403D-84CB-30014157844E}.Debug|x64.ActiveCfg = Debug|Any CPU
		{C79E8C88-94F3-403D-84CB-30014157844E}.Debug|x64.Build.0 = Debug|Any CPU
		{C79E8C88-94F3-403D-84CB-30014157844E}.Debug|x86.ActiveCfg = Debug|Any CPU
		{C79E8C88-94F3-403D-84CB-30014157844E}.Debug|x86.Build.0 = Debug|Any CPU
		{C79E8C88-94F3-403D-84CB-30014157844E}.Release|Any CPU.ActiveCfg = Release|Any CPU
		{C79E8C88-94F3-403D-84CB-30014157844E}.Release|Any CPU.Build.0 = Release|Any CPU
		{C79E8C88-94F3-403D-84CB-30014157844E}.Release|x64.ActiveCfg = Release|Any CPU
		{C79E8C88-94F3-403D-84CB-30014157844E}.Release|x64.Build.0 = Release|Any CPU
		{C79E8C88-94F3-403D-84CB-30014157844E}.Release|x86.ActiveCfg = Release|Any CPU
		{C79E8C88-94F3-403D-84CB-30014157844E}.Release|x86.Build.0 = Release|Any CPU
		{9F386187-DD90-46D8-816D-57F08757AF6F}.Debug|Any CPU.ActiveCfg = Debug|Any CPU
		{9F386187-DD90-46D8-816D-57F08757AF6F}.Debug|Any CPU.Build.0 = Debug|Any CPU
		{9F386187-DD90-46D8-816D-57F08757AF6F}.Debug|x64.ActiveCfg = Debug|Any CPU
		{9F386187-DD90-46D8-816D-57F08757AF6F}.Debug|x64.Build.0 = Debug|Any CPU
		{9F386187-DD90-46D8-816D-57F08757AF6F}.Debug|x86.ActiveCfg = Debug|Any CPU
		{9F386187-DD90-46D8-816D-57F08757AF6F}.Debug|x86.Build.0 = Debug|Any CPU
		{9F386187-DD90-46D8-816D-57F08757AF6F}.Release|Any CPU.ActiveCfg = Release|Any CPU
		{9F386187-DD90-46D8-816D-57F08757AF6F}.Release|Any CPU.Build.0 = Release|Any CPU
		{9F386187-DD90-46D8-816D-57F08757AF6F}.Release|x64.ActiveCfg = Release|Any CPU
		{9F386187-DD90-46D8-816D-57F08757AF6F}.Release|x64.Build.0 = Release|Any CPU
		{9F386187-DD90-46D8-816D-57F08757AF6F}.Release|x86.ActiveCfg = Release|Any CPU
		{9F386187-DD90-46D8-816D-57F08757AF6F}.Release|x86.Build.0 = Release|Any CPU
		{3D6935BB-BD64-4793-BCC2-B535E92421FE}.Debug|Any CPU.ActiveCfg = Debug|Any CPU
		{3D6935BB-BD64-4793-BCC2-B535E92421FE}.Debug|Any CPU.Build.0 = Debug|Any CPU
		{3D6935BB-BD64-4793-BCC2-B535E92421FE}.Debug|x64.ActiveCfg = Debug|Any CPU
		{3D6935BB-BD64-4793-BCC2-B535E92421FE}.Debug|x64.Build.0 = Debug|Any CPU
		{3D6935BB-BD64-4793-BCC2-B535E92421FE}.Debug|x86.ActiveCfg = Debug|Any CPU
		{3D6935BB-BD64-4793-BCC2-B535E92421FE}.Debug|x86.Build.0 = Debug|Any CPU
		{3D6935BB-BD64-4793-BCC2-B535E92421FE}.Release|Any CPU.ActiveCfg = Release|Any CPU
		{3D6935BB-BD64-4793-BCC2-B535E92421FE}.Release|Any CPU.Build.0 = Release|Any CPU
		{3D6935BB-BD64-4793-BCC2-B535E92421FE}.Release|x64.ActiveCfg = Release|Any CPU
		{3D6935BB-BD64-4793-BCC2-B535E92421FE}.Release|x64.Build.0 = Release|Any CPU
		{3D6935BB-BD64-4793-BCC2-B535E92421FE}.Release|x86.ActiveCfg = Release|Any CPU
		{3D6935BB-BD64-4793-BCC2-B535E92421FE}.Release|x86.Build.0 = Release|Any CPU
		{9FCDB0BE-49C8-4DFF-81AB-9E360A72CD3A}.Debug|Any CPU.ActiveCfg = Debug|Any CPU
		{9FCDB0BE-49C8-4DFF-81AB-9E360A72CD3A}.Debug|Any CPU.Build.0 = Debug|Any CPU
		{9FCDB0BE-49C8-4DFF-81AB-9E360A72CD3A}.Debug|x64.ActiveCfg = Debug|Any CPU
		{9FCDB0BE-49C8-4DFF-81AB-9E360A72CD3A}.Debug|x64.Build.0 = Debug|Any CPU
		{9FCDB0BE-49C8-4DFF-81AB-9E360A72CD3A}.Debug|x86.ActiveCfg = Debug|Any CPU
		{9FCDB0BE-49C8-4DFF-81AB-9E360A72CD3A}.Debug|x86.Build.0 = Debug|Any CPU
		{9FCDB0BE-49C8-4DFF-81AB-9E360A72CD3A}.Release|Any CPU.ActiveCfg = Release|Any CPU
		{9FCDB0BE-49C8-4DFF-81AB-9E360A72CD3A}.Release|Any CPU.Build.0 = Release|Any CPU
		{9FCDB0BE-49C8-4DFF-81AB-9E360A72CD3A}.Release|x64.ActiveCfg = Release|Any CPU
		{9FCDB0BE-49C8-4DFF-81AB-9E360A72CD3A}.Release|x64.Build.0 = Release|Any CPU
		{9FCDB0BE-49C8-4DFF-81AB-9E360A72CD3A}.Release|x86.ActiveCfg = Release|Any CPU
		{9FCDB0BE-49C8-4DFF-81AB-9E360A72CD3A}.Release|x86.Build.0 = Release|Any CPU
		{7D1FC8FE-E337-41D3-87E4-AAF80C83934D}.Debug|Any CPU.ActiveCfg = Debug|Any CPU
		{7D1FC8FE-E337-41D3-87E4-AAF80C83934D}.Debug|Any CPU.Build.0 = Debug|Any CPU
		{7D1FC8FE-E337-41D3-87E4-AAF80C83934D}.Debug|x64.ActiveCfg = Debug|Any CPU
		{7D1FC8FE-E337-41D3-87E4-AAF80C83934D}.Debug|x64.Build.0 = Debug|Any CPU
		{7D1FC8FE-E337-41D3-87E4-AAF80C83934D}.Debug|x86.ActiveCfg = Debug|Any CPU
		{7D1FC8FE-E337-41D3-87E4-AAF80C83934D}.Debug|x86.Build.0 = Debug|Any CPU
		{7D1FC8FE-E337-41D3-87E4-AAF80C83934D}.Release|Any CPU.ActiveCfg = Release|Any CPU
		{7D1FC8FE-E337-41D3-87E4-AAF80C83934D}.Release|Any CPU.Build.0 = Release|Any CPU
		{7D1FC8FE-E337-41D3-87E4-AAF80C83934D}.Release|x64.ActiveCfg = Release|Any CPU
		{7D1FC8FE-E337-41D3-87E4-AAF80C83934D}.Release|x64.Build.0 = Release|Any CPU
		{7D1FC8FE-E337-41D3-87E4-AAF80C83934D}.Release|x86.ActiveCfg = Release|Any CPU
		{7D1FC8FE-E337-41D3-87E4-AAF80C83934D}.Release|x86.Build.0 = Release|Any CPU
		{F5180E59-23C7-4C86-9471-1C9BD881DBE1}.Debug|Any CPU.ActiveCfg = Debug|Any CPU
		{F5180E59-23C7-4C86-9471-1C9BD881DBE1}.Debug|Any CPU.Build.0 = Debug|Any CPU
		{F5180E59-23C7-4C86-9471-1C9BD881DBE1}.Debug|x64.ActiveCfg = Debug|Any CPU
		{F5180E59-23C7-4C86-9471-1C9BD881DBE1}.Debug|x64.Build.0 = Debug|Any CPU
		{F5180E59-23C7-4C86-9471-1C9BD881DBE1}.Debug|x86.ActiveCfg = Debug|Any CPU
		{F5180E59-23C7-4C86-9471-1C9BD881DBE1}.Debug|x86.Build.0 = Debug|Any CPU
		{F5180E59-23C7-4C86-9471-1C9BD881DBE1}.Release|Any CPU.ActiveCfg = Release|Any CPU
		{F5180E59-23C7-4C86-9471-1C9BD881DBE1}.Release|Any CPU.Build.0 = Release|Any CPU
		{F5180E59-23C7-4C86-9471-1C9BD881DBE1}.Release|x64.ActiveCfg = Release|Any CPU
		{F5180E59-23C7-4C86-9471-1C9BD881DBE1}.Release|x64.Build.0 = Release|Any CPU
		{F5180E59-23C7-4C86-9471-1C9BD881DBE1}.Release|x86.ActiveCfg = Release|Any CPU
		{F5180E59-23C7-4C86-9471-1C9BD881DBE1}.Release|x86.Build.0 = Release|Any CPU
		{CE473C45-FA55-40D5-A82D-16C4A2DB92D1}.Debug|Any CPU.ActiveCfg = Debug|Any CPU
		{CE473C45-FA55-40D5-A82D-16C4A2DB92D1}.Debug|Any CPU.Build.0 = Debug|Any CPU
		{CE473C45-FA55-40D5-A82D-16C4A2DB92D1}.Debug|x64.ActiveCfg = Debug|Any CPU
		{CE473C45-FA55-40D5-A82D-16C4A2DB92D1}.Debug|x64.Build.0 = Debug|Any CPU
		{CE473C45-FA55-40D5-A82D-16C4A2DB92D1}.Debug|x86.ActiveCfg = Debug|Any CPU
		{CE473C45-FA55-40D5-A82D-16C4A2DB92D1}.Debug|x86.Build.0 = Debug|Any CPU
		{CE473C45-FA55-40D5-A82D-16C4A2DB92D1}.Release|Any CPU.ActiveCfg = Release|Any CPU
		{CE473C45-FA55-40D5-A82D-16C4A2DB92D1}.Release|Any CPU.Build.0 = Release|Any CPU
		{CE473C45-FA55-40D5-A82D-16C4A2DB92D1}.Release|x64.ActiveCfg = Release|Any CPU
		{CE473C45-FA55-40D5-A82D-16C4A2DB92D1}.Release|x64.Build.0 = Release|Any CPU
		{CE473C45-FA55-40D5-A82D-16C4A2DB92D1}.Release|x86.ActiveCfg = Release|Any CPU
		{CE473C45-FA55-40D5-A82D-16C4A2DB92D1}.Release|x86.Build.0 = Release|Any CPU
		{C9D3B267-420A-4E5A-BD34-1DDB883EAB54}.Debug|Any CPU.ActiveCfg = Debug|Any CPU
		{C9D3B267-420A-4E5A-BD34-1DDB883EAB54}.Debug|Any CPU.Build.0 = Debug|Any CPU
		{C9D3B267-420A-4E5A-BD34-1DDB883EAB54}.Debug|x64.ActiveCfg = Debug|Any CPU
		{C9D3B267-420A-4E5A-BD34-1DDB883EAB54}.Debug|x64.Build.0 = Debug|Any CPU
		{C9D3B267-420A-4E5A-BD34-1DDB883EAB54}.Debug|x86.ActiveCfg = Debug|Any CPU
		{C9D3B267-420A-4E5A-BD34-1DDB883EAB54}.Debug|x86.Build.0 = Debug|Any CPU
		{C9D3B267-420A-4E5A-BD34-1DDB883EAB54}.Release|Any CPU.ActiveCfg = Release|Any CPU
		{C9D3B267-420A-4E5A-BD34-1DDB883EAB54}.Release|Any CPU.Build.0 = Release|Any CPU
		{C9D3B267-420A-4E5A-BD34-1DDB883EAB54}.Release|x64.ActiveCfg = Release|Any CPU
		{C9D3B267-420A-4E5A-BD34-1DDB883EAB54}.Release|x64.Build.0 = Release|Any CPU
		{C9D3B267-420A-4E5A-BD34-1DDB883EAB54}.Release|x86.ActiveCfg = Release|Any CPU
		{C9D3B267-420A-4E5A-BD34-1DDB883EAB54}.Release|x86.Build.0 = Release|Any CPU
		{ED1238C3-47C4-1B74-9334-571D7F49F3D1}.Debug|Any CPU.ActiveCfg = Debug|Any CPU
		{ED1238C3-47C4-1B74-9334-571D7F49F3D1}.Debug|Any CPU.Build.0 = Debug|Any CPU
		{ED1238C3-47C4-1B74-9334-571D7F49F3D1}.Debug|x64.ActiveCfg = Debug|Any CPU
		{ED1238C3-47C4-1B74-9334-571D7F49F3D1}.Debug|x64.Build.0 = Debug|Any CPU
		{ED1238C3-47C4-1B74-9334-571D7F49F3D1}.Debug|x86.ActiveCfg = Debug|Any CPU
		{ED1238C3-47C4-1B74-9334-571D7F49F3D1}.Debug|x86.Build.0 = Debug|Any CPU
		{ED1238C3-47C4-1B74-9334-571D7F49F3D1}.Release|Any CPU.ActiveCfg = Release|Any CPU
		{ED1238C3-47C4-1B74-9334-571D7F49F3D1}.Release|Any CPU.Build.0 = Release|Any CPU
		{ED1238C3-47C4-1B74-9334-571D7F49F3D1}.Release|x64.ActiveCfg = Release|Any CPU
		{ED1238C3-47C4-1B74-9334-571D7F49F3D1}.Release|x64.Build.0 = Release|Any CPU
		{ED1238C3-47C4-1B74-9334-571D7F49F3D1}.Release|x86.ActiveCfg = Release|Any CPU
		{ED1238C3-47C4-1B74-9334-571D7F49F3D1}.Release|x86.Build.0 = Release|Any CPU
		{87903765-B10A-AF02-FA55-B6D8266A9943}.Debug|Any CPU.ActiveCfg = Debug|Any CPU
		{87903765-B10A-AF02-FA55-B6D8266A9943}.Debug|Any CPU.Build.0 = Debug|Any CPU
		{87903765-B10A-AF02-FA55-B6D8266A9943}.Debug|x64.ActiveCfg = Debug|Any CPU
		{87903765-B10A-AF02-FA55-B6D8266A9943}.Debug|x64.Build.0 = Debug|Any CPU
		{87903765-B10A-AF02-FA55-B6D8266A9943}.Debug|x86.ActiveCfg = Debug|Any CPU
		{87903765-B10A-AF02-FA55-B6D8266A9943}.Debug|x86.Build.0 = Debug|Any CPU
		{87903765-B10A-AF02-FA55-B6D8266A9943}.Release|Any CPU.ActiveCfg = Release|Any CPU
		{87903765-B10A-AF02-FA55-B6D8266A9943}.Release|Any CPU.Build.0 = Release|Any CPU
		{87903765-B10A-AF02-FA55-B6D8266A9943}.Release|x64.ActiveCfg = Release|Any CPU
		{87903765-B10A-AF02-FA55-B6D8266A9943}.Release|x64.Build.0 = Release|Any CPU
		{87903765-B10A-AF02-FA55-B6D8266A9943}.Release|x86.ActiveCfg = Release|Any CPU
		{87903765-B10A-AF02-FA55-B6D8266A9943}.Release|x86.Build.0 = Release|Any CPU
		{8C1F44EC-712C-4983-9770-3B3C02D1D994}.Debug|Any CPU.ActiveCfg = Debug|x64
		{8C1F44EC-712C-4983-9770-3B3C02D1D994}.Debug|Any CPU.Build.0 = Debug|x64
		{8C1F44EC-712C-4983-9770-3B3C02D1D994}.Debug|x64.ActiveCfg = Debug|x64
		{8C1F44EC-712C-4983-9770-3B3C02D1D994}.Debug|x64.Build.0 = Debug|x64
		{8C1F44EC-712C-4983-9770-3B3C02D1D994}.Debug|x86.ActiveCfg = Debug|Win32
		{8C1F44EC-712C-4983-9770-3B3C02D1D994}.Debug|x86.Build.0 = Debug|Win32
		{8C1F44EC-712C-4983-9770-3B3C02D1D994}.Release|Any CPU.ActiveCfg = Release|x64
		{8C1F44EC-712C-4983-9770-3B3C02D1D994}.Release|Any CPU.Build.0 = Release|x64
		{8C1F44EC-712C-4983-9770-3B3C02D1D994}.Release|x64.ActiveCfg = Release|x64
		{8C1F44EC-712C-4983-9770-3B3C02D1D994}.Release|x64.Build.0 = Release|x64
		{8C1F44EC-712C-4983-9770-3B3C02D1D994}.Release|x86.ActiveCfg = Release|Win32
		{8C1F44EC-712C-4983-9770-3B3C02D1D994}.Release|x86.Build.0 = Release|Win32
	EndGlobalSection
	GlobalSection(SolutionProperties) = preSolution
		HideSolutionNode = FALSE
	EndGlobalSection
	GlobalSection(ExtensibilityGlobals) = postSolution
		SolutionGuid = {645E5093-47C0-4A0C-9D00-2E0C264B80E6}
	EndGlobalSection
EndGlobal
